
Microsoft Visual Studio Solution File, Format Version 12.00
# Visual Studio Version 17
VisualStudioVersion = 17.8.34330.188
MinimumVisualStudioVersion = 10.0.40219.1
Project("{FAE04EC0-301F-11D3-BF4B-00C04F79EFBC}") = "HumanReosurces", "HumanReosurces\HumanReosurces.csproj", "{E48B9EB7-B847-44C2-BCD6-4AC6AC1D989B}"
EndProject
Global
	GlobalSection(SolutionConfigurationPlatforms) = preSolution
		Debug|Any CPU = Debug|Any CPU
		Release|Any CPU = Release|Any CPU
	EndGlobalSection
	GlobalSection(ProjectConfigurationPlatforms) = postSolution
		{E48B9EB7-B847-44C2-BCD6-4AC6AC1D989B}.Debug|Any CPU.ActiveCfg = Debug|Any CPU
		{E48B9EB7-B847-44C2-BCD6-4AC6AC1D989B}.Debug|Any CPU.Build.0 = Debug|Any CPU
		{E48B9EB7-B847-44C2-BCD6-4AC6AC1D989B}.Release|Any CPU.ActiveCfg = Release|Any CPU
		{E48B9EB7-B847-44C2-BCD6-4AC6AC1D989B}.Release|Any CPU.Build.0 = Release|Any CPU
	EndGlobalSection
	GlobalSection(SolutionProperties) = preSolution
		HideSolutionNode = FALSE
	EndGlobalSection
	GlobalSection(ExtensibilityGlobals) = postSolution
		SolutionGuid = {DD760969-60D6-4C28-B447-57E2B7D71EE6}
	EndGlobalSection
EndGlobal
